
Microsoft Visual Studio Solution File, Format Version 12.00
# Visual Studio 14
VisualStudioVersion = 14.0.25420.1
MinimumVisualStudioVersion = 10.0.40219.1
Project("{2150E333-8FDC-42A3-9474-1A3956D46DE8}") = "Common", "Common", "{27F93BB7-34D6-46DD-BD20-AE6CA2CAF5B0}"
EndProject
Project("{FAE04EC0-301F-11D3-BF4B-00C04F79EFBC}") = "Nik.Framework", "Nik.Framework\Nik.Framework.csproj", "{F546F540-813E-49E0-A5AF-7599647B3447}"
EndProject
Project("{2150E333-8FDC-42A3-9474-1A3956D46DE8}") = "Business", "Business", "{323F480B-6FBA-4F97-A192-E44387A5F4C1}"
EndProject
Project("{FAE04EC0-301F-11D3-BF4B-00C04F79EFBC}") = "Nik.DbDocument.Business.Model", "Nik.DbDocument.Business.Model\Nik.DbDocument.Business.Model.csproj", "{ACC726D9-3515-4430-82FA-9878061B27B4}"
EndProject
Project("{FAE04EC0-301F-11D3-BF4B-00C04F79EFBC}") = "Nik.DbDocument.Business.Data", "Nik.DbDocument.Business.Data\Nik.DbDocument.Business.Data.csproj", "{B3D1FF33-85C1-4457-9D19-3019E72420A4}"
EndProject
Project("{FAE04EC0-301F-11D3-BF4B-00C04F79EFBC}") = "Nik.DbDocument.Business.Service", "Nik.DbDocument.Business.Service\Nik.DbDocument.Business.Service.csproj", "{EC814B64-EEB4-4AA3-8F19-BDBE8EE4818E}"
EndProject
Project("{2150E333-8FDC-42A3-9474-1A3956D46DE8}") = "Client", "Client", "{03E17C1F-B174-4131-BF4E-F7CBF45EA49B}"
EndProject
Project("{FAE04EC0-301F-11D3-BF4B-00C04F79EFBC}") = "Nik.DbDocument.ApiModel", "Nik.DbDocument.ApiModel\Nik.DbDocument.ApiModel.csproj", "{7A111E47-90E1-4AFB-8F28-64232EF60C5F}"
EndProject
Project("{FAE04EC0-301F-11D3-BF4B-00C04F79EFBC}") = "Nik.DbDocument.Web.Core", "Nik.DbDocument.Web.Core\Nik.DbDocument.Web.Core.csproj", "{27C6D04F-A7C9-4362-A6F0-9806AB0CBDDD}"
EndProject
Project("{FAE04EC0-301F-11D3-BF4B-00C04F79EFBC}") = "Nik.DbDocument.Api", "Nik.DbDocument.Api\Nik.DbDocument.Api.csproj", "{19F19E6B-1C7F-4169-8C4C-2C05FB22BA2F}"
EndProject
Project("{FAE04EC0-301F-11D3-BF4B-00C04F79EFBC}") = "Nik.DbDocument", "Nik.DbDocument\Nik.DbDocument.csproj", "{A2CA9BC9-C016-4C4F-8F0D-56560BB877E7}"
EndProject
Global
	GlobalSection(SolutionConfigurationPlatforms) = preSolution
		Debug|Any CPU = Debug|Any CPU
		Release|Any CPU = Release|Any CPU
	EndGlobalSection
	GlobalSection(ProjectConfigurationPlatforms) = postSolution
		{F546F540-813E-49E0-A5AF-7599647B3447}.Debug|Any CPU.ActiveCfg = Debug|Any CPU
		{F546F540-813E-49E0-A5AF-7599647B3447}.Debug|Any CPU.Build.0 = Debug|Any CPU
		{F546F540-813E-49E0-A5AF-7599647B3447}.Release|Any CPU.ActiveCfg = Release|Any CPU
		{F546F540-813E-49E0-A5AF-7599647B3447}.Release|Any CPU.Build.0 = Release|Any CPU
		{ACC726D9-3515-4430-82FA-9878061B27B4}.Debug|Any CPU.ActiveCfg = Debug|Any CPU
		{ACC726D9-3515-4430-82FA-9878061B27B4}.Debug|Any CPU.Build.0 = Debug|Any CPU
		{ACC726D9-3515-4430-82FA-9878061B27B4}.Release|Any CPU.ActiveCfg = Release|Any CPU
		{ACC726D9-3515-4430-82FA-9878061B27B4}.Release|Any CPU.Build.0 = Release|Any CPU
		{B3D1FF33-85C1-4457-9D19-3019E72420A4}.Debug|Any CPU.ActiveCfg = Debug|Any CPU
		{B3D1FF33-85C1-4457-9D19-3019E72420A4}.Debug|Any CPU.Build.0 = Debug|Any CPU
		{B3D1FF33-85C1-4457-9D19-3019E72420A4}.Release|Any CPU.ActiveCfg = Release|Any CPU
		{B3D1FF33-85C1-4457-9D19-3019E72420A4}.Release|Any CPU.Build.0 = Release|Any CPU
		{EC814B64-EEB4-4AA3-8F19-BDBE8EE4818E}.Debug|Any CPU.ActiveCfg = Debug|Any CPU
		{EC814B64-EEB4-4AA3-8F19-BDBE8EE4818E}.Debug|Any CPU.Build.0 = Debug|Any CPU
		{EC814B64-EEB4-4AA3-8F19-BDBE8EE4818E}.Release|Any CPU.ActiveCfg = Release|Any CPU
		{EC814B64-EEB4-4AA3-8F19-BDBE8EE4818E}.Release|Any CPU.Build.0 = Release|Any CPU
		{7A111E47-90E1-4AFB-8F28-64232EF60C5F}.Debug|Any CPU.ActiveCfg = Debug|Any CPU
		{7A111E47-90E1-4AFB-8F28-64232EF60C5F}.Debug|Any CPU.Build.0 = Debug|Any CPU
		{7A111E47-90E1-4AFB-8F28-64232EF60C5F}.Release|Any CPU.ActiveCfg = Release|Any CPU
		{7A111E47-90E1-4AFB-8F28-64232EF60C5F}.Release|Any CPU.Build.0 = Release|Any CPU
		{27C6D04F-A7C9-4362-A6F0-9806AB0CBDDD}.Debug|Any CPU.ActiveCfg = Debug|Any CPU
		{27C6D04F-A7C9-4362-A6F0-9806AB0CBDDD}.Debug|Any CPU.Build.0 = Debug|Any CPU
		{27C6D04F-A7C9-4362-A6F0-9806AB0CBDDD}.Release|Any CPU.ActiveCfg = Release|Any CPU
		{27C6D04F-A7C9-4362-A6F0-9806AB0CBDDD}.Release|Any CPU.Build.0 = Release|Any CPU
		{19F19E6B-1C7F-4169-8C4C-2C05FB22BA2F}.Debug|Any CPU.ActiveCfg = Debug|Any CPU
		{19F19E6B-1C7F-4169-8C4C-2C05FB22BA2F}.Debug|Any CPU.Build.0 = Debug|Any CPU
		{19F19E6B-1C7F-4169-8C4C-2C05FB22BA2F}.Release|Any CPU.ActiveCfg = Release|Any CPU
		{19F19E6B-1C7F-4169-8C4C-2C05FB22BA2F}.Release|Any CPU.Build.0 = Release|Any CPU
		{A2CA9BC9-C016-4C4F-8F0D-56560BB877E7}.Debug|Any CPU.ActiveCfg = Debug|Any CPU
		{A2CA9BC9-C016-4C4F-8F0D-56560BB877E7}.Debug|Any CPU.Build.0 = Debug|Any CPU
		{A2CA9BC9-C016-4C4F-8F0D-56560BB877E7}.Release|Any CPU.ActiveCfg = Release|Any CPU
		{A2CA9BC9-C016-4C4F-8F0D-56560BB877E7}.Release|Any CPU.Build.0 = Release|Any CPU
	EndGlobalSection
	GlobalSection(SolutionProperties) = preSolution
		HideSolutionNode = FALSE
	EndGlobalSection
	GlobalSection(NestedProjects) = preSolution
		{F546F540-813E-49E0-A5AF-7599647B3447} = {27F93BB7-34D6-46DD-BD20-AE6CA2CAF5B0}
		{ACC726D9-3515-4430-82FA-9878061B27B4} = {323F480B-6FBA-4F97-A192-E44387A5F4C1}
		{B3D1FF33-85C1-4457-9D19-3019E72420A4} = {323F480B-6FBA-4F97-A192-E44387A5F4C1}
		{EC814B64-EEB4-4AA3-8F19-BDBE8EE4818E} = {323F480B-6FBA-4F97-A192-E44387A5F4C1}
		{7A111E47-90E1-4AFB-8F28-64232EF60C5F} = {03E17C1F-B174-4131-BF4E-F7CBF45EA49B}
		{27C6D04F-A7C9-4362-A6F0-9806AB0CBDDD} = {03E17C1F-B174-4131-BF4E-F7CBF45EA49B}
		{19F19E6B-1C7F-4169-8C4C-2C05FB22BA2F} = {03E17C1F-B174-4131-BF4E-F7CBF45EA49B}
		{A2CA9BC9-C016-4C4F-8F0D-56560BB877E7} = {03E17C1F-B174-4131-BF4E-F7CBF45EA49B}
	EndGlobalSection
EndGlobal
